
Microsoft Visual Studio Solution File, Format Version 12.00
# Visual Studio 14
VisualStudioVersion = 14.0.25123.0
MinimumVisualStudioVersion = 10.0.40219.1
Project("{FAE04EC0-301F-11D3-BF4B-00C04F79EFBC}") = "AddressSearch", "AddressSearch\AddressSearch.csproj", "{F2559E11-38CB-43A1-8E20-AA7EF735D70B}"
EndProject
Project("{FAE04EC0-301F-11D3-BF4B-00C04F79EFBC}") = "WsTester", "WsTester\WsTester.csproj", "{CC72F875-1C49-4771-A276-B0B47EF240BF}"
	ProjectSection(ProjectDependencies) = postProject
		{F2559E11-38CB-43A1-8E20-AA7EF735D70B} = {F2559E11-38CB-43A1-8E20-AA7EF735D70B}
	EndProjectSection
EndProject
Global
	GlobalSection(SolutionConfigurationPlatforms) = preSolution
		Debug|Any CPU = Debug|Any CPU
		Release|Any CPU = Release|Any CPU
	EndGlobalSection
	GlobalSection(ProjectConfigurationPlatforms) = postSolution
		{F2559E11-38CB-43A1-8E20-AA7EF735D70B}.Debug|Any CPU.ActiveCfg = Debug|Any CPU
		{F2559E11-38CB-43A1-8E20-AA7EF735D70B}.Debug|Any CPU.Build.0 = Debug|Any CPU
		{F2559E11-38CB-43A1-8E20-AA7EF735D70B}.Release|Any CPU.ActiveCfg = Release|Any CPU
		{F2559E11-38CB-43A1-8E20-AA7EF735D70B}.Release|Any CPU.Build.0 = Release|Any CPU
		{CC72F875-1C49-4771-A276-B0B47EF240BF}.Debug|Any CPU.ActiveCfg = Debug|Any CPU
		{CC72F875-1C49-4771-A276-B0B47EF240BF}.Debug|Any CPU.Build.0 = Debug|Any CPU
		{CC72F875-1C49-4771-A276-B0B47EF240BF}.Release|Any CPU.ActiveCfg = Release|Any CPU
		{CC72F875-1C49-4771-A276-B0B47EF240BF}.Release|Any CPU.Build.0 = Release|Any CPU
	EndGlobalSection
	GlobalSection(SolutionProperties) = preSolution
		HideSolutionNode = FALSE
	EndGlobalSection
EndGlobal
